
Microsoft Visual Studio Solution File, Format Version 12.00
# Visual Studio Version 17
VisualStudioVersion = 17.11.35303.130
MinimumVisualStudioVersion = 10.0.40219.1
Project("{FAE04EC0-301F-11D3-BF4B-00C04F79EFBC}") = "Loop 8", "Loop 8\Loop 8.csproj", "{2786FC25-BD09-4224-94CC-3996A6F30F33}"
EndProject
Global
	GlobalSection(SolutionConfigurationPlatforms) = preSolution
		Debug|Any CPU = Debug|Any CPU
		Release|Any CPU = Release|Any CPU
	EndGlobalSection
	GlobalSection(ProjectConfigurationPlatforms) = postSolution
		{2786FC25-BD09-4224-94CC-3996A6F30F33}.Debug|Any CPU.ActiveCfg = Debug|Any CPU
		{2786FC25-BD09-4224-94CC-3996A6F30F33}.Debug|Any CPU.Build.0 = Debug|Any CPU
		{2786FC25-BD09-4224-94CC-3996A6F30F33}.Release|Any CPU.ActiveCfg = Release|Any CPU
		{2786FC25-BD09-4224-94CC-3996A6F30F33}.Release|Any CPU.Build.0 = Release|Any CPU
	EndGlobalSection
	GlobalSection(SolutionProperties) = preSolution
		HideSolutionNode = FALSE
	EndGlobalSection
	GlobalSection(ExtensibilityGlobals) = postSolution
		SolutionGuid = {B73430A8-2DA7-477C-91DB-1FB50C1FD548}
	EndGlobalSection
EndGlobal
